
Microsoft Visual Studio Solution File, Format Version 12.00
# Visual Studio 15
VisualStudioVersion = 15.0.27130.2010
MinimumVisualStudioVersion = 10.0.40219.1
Project("{FAE04EC0-301F-11D3-BF4B-00C04F79EFBC}") = "TryApp", "TryApp\TryApp.csproj", "{46324C43-0503-41EE-B1C1-6F22423AC546}"
EndProject
Global
	GlobalSection(SolutionConfigurationPlatforms) = preSolution
		Debug|Any CPU = Debug|Any CPU
		Release|Any CPU = Release|Any CPU
	EndGlobalSection
	GlobalSection(ProjectConfigurationPlatforms) = postSolution
		{46324C43-0503-41EE-B1C1-6F22423AC546}.Debug|Any CPU.ActiveCfg = Debug|Any CPU
		{46324C43-0503-41EE-B1C1-6F22423AC546}.Debug|Any CPU.Build.0 = Debug|Any CPU
		{46324C43-0503-41EE-B1C1-6F22423AC546}.Release|Any CPU.ActiveCfg = Release|Any CPU
		{46324C43-0503-41EE-B1C1-6F22423AC546}.Release|Any CPU.Build.0 = Release|Any CPU
	EndGlobalSection
	GlobalSection(SolutionProperties) = preSolution
		HideSolutionNode = FALSE
	EndGlobalSection
	GlobalSection(ExtensibilityGlobals) = postSolution
		SolutionGuid = {42E90027-2BB7-40A1-B604-85F06A13AD9C}
	EndGlobalSection
EndGlobal
